
Microsoft Visual Studio Solution File, Format Version 12.00
# Visual Studio Version 16
VisualStudioVersion = 16.0.31105.61
MinimumVisualStudioVersion = 10.0.40219.1
Project("{2150E333-8FDC-42A3-9474-1A3956D46DE8}") = "Frontend", "Frontend", "{416DB964-2DD1-4D98-A575-AFFB0E81F9A5}"
EndProject
Project("{2150E333-8FDC-42A3-9474-1A3956D46DE8}") = "Backend", "Backend", "{3F31C5C7-B25C-4665-B7D8-D7150241EDCD}"
EndProject
Project("{FAE04EC0-301F-11D3-BF4B-00C04F79EFBC}") = "DPMSupporter.API", "DPMSupporter.API\DPMSupporter.API.csproj", "{9B2C15F1-AFD8-49D0-AE3F-70735D6F788B}"
EndProject
Global
	GlobalSection(SolutionConfigurationPlatforms) = preSolution
		Debug|Any CPU = Debug|Any CPU
		Release|Any CPU = Release|Any CPU
	EndGlobalSection
	GlobalSection(ProjectConfigurationPlatforms) = postSolution
		{9B2C15F1-AFD8-49D0-AE3F-70735D6F788B}.Debug|Any CPU.ActiveCfg = Debug|Any CPU
		{9B2C15F1-AFD8-49D0-AE3F-70735D6F788B}.Debug|Any CPU.Build.0 = Debug|Any CPU
		{9B2C15F1-AFD8-49D0-AE3F-70735D6F788B}.Release|Any CPU.ActiveCfg = Release|Any CPU
		{9B2C15F1-AFD8-49D0-AE3F-70735D6F788B}.Release|Any CPU.Build.0 = Release|Any CPU
	EndGlobalSection
	GlobalSection(SolutionProperties) = preSolution
		HideSolutionNode = FALSE
	EndGlobalSection
	GlobalSection(NestedProjects) = preSolution
		{9B2C15F1-AFD8-49D0-AE3F-70735D6F788B} = {3F31C5C7-B25C-4665-B7D8-D7150241EDCD}
	EndGlobalSection
	GlobalSection(ExtensibilityGlobals) = postSolution
		SolutionGuid = {6A999807-4703-4357-B136-F44934A8D8F8}
	EndGlobalSection
EndGlobal
